# This file is automatically @generated by Cargo.
# It is not intended for manual editing.
[[package]]
name = "aho-corasick"
version = "0.7.13"
source = "registry+https://github.com/rust-lang/crates.io-index"
checksum = "043164d8ba5c4c3035fec9bbee8647c0261d788f3474306f93bb65901cae0e86"
dependencies = [
 "memchr",
]

[[package]]
name = "async-channel"
version = "1.2.0"
source = "registry+https://github.com/rust-lang/crates.io-index"
checksum = "958a8af017616083a7c739a9c4da4b757a6816593734b4b6145adbe1421526a5"
dependencies = [
 "concurrent-queue",
 "event-listener",
 "futures-core",
]

[[package]]
name = "async-std"
version = "1.6.2"
source = "registry+https://github.com/rust-lang/crates.io-index"
checksum = "00d68a33ebc8b57800847d00787307f84a562224a14db069b0acefe4c2abbf5d"
dependencies = [
 "async-task",
 "crossbeam-utils",
 "futures-channel",
 "futures-core",
 "futures-io",
 "futures-timer 3.0.2",
 "kv-log-macro",
 "log",
 "memchr",
 "num_cpus",
 "once_cell",
 "pin-project-lite",
 "pin-utils",
 "slab",
 "smol",
 "wasm-bindgen-futures",
]

[[package]]
name = "async-task"
version = "3.0.0"
source = "registry+https://github.com/rust-lang/crates.io-index"
checksum = "c17772156ef2829aadc587461c7753af20b7e8db1529bc66855add962a3b35d3"

[[package]]
name = "async-trait"
version = "0.1.36"
source = "registry+https://github.com/rust-lang/crates.io-index"
checksum = "a265e3abeffdce30b2e26b7a11b222fe37c6067404001b434101457d0385eb92"
dependencies = [
 "proc-macro2",
 "quote",
 "syn",
]

[[package]]
name = "atomic-waker"
version = "1.0.0"
source = "registry+https://github.com/rust-lang/crates.io-index"
checksum = "065374052e7df7ee4047b1160cca5e1467a12351a40b3da123c870ba0b8eda2a"

[[package]]
name = "atty"
version = "0.2.14"
source = "registry+https://github.com/rust-lang/crates.io-index"
checksum = "d9b39be18770d11421cdb1b9947a45dd3f37e93092cbf377614828a319d5fee8"
dependencies = [
 "hermit-abi",
 "libc",
 "winapi",
]

[[package]]
name = "autocfg"
version = "1.0.0"
source = "registry+https://github.com/rust-lang/crates.io-index"
checksum = "f8aac770f1885fd7e387acedd76065302551364496e46b3dd00860b2f8359b9d"

[[package]]
name = "bitflags"
version = "1.2.1"
source = "registry+https://github.com/rust-lang/crates.io-index"
checksum = "cf1de2fe8c75bc145a2f577add951f8134889b4795d47466a54a5c846d691693"

[[package]]
name = "blocking"
version = "0.4.7"
source = "registry+https://github.com/rust-lang/crates.io-index"
checksum = "d2468ff7bf85066b4a3678fede6fe66db31846d753ff0adfbfab2c6a6e81612b"
dependencies = [
 "async-channel",
 "atomic-waker",
 "futures-lite",
 "once_cell",
 "parking",
 "waker-fn",
]

[[package]]
name = "bumpalo"
version = "3.4.0"
source = "registry+https://github.com/rust-lang/crates.io-index"
checksum = "2e8c087f005730276d1096a652e92a8bacee2e2472bcc9715a74d2bec38b5820"

[[package]]
name = "bytes"
version = "0.5.6"
source = "registry+https://github.com/rust-lang/crates.io-index"
checksum = "0e4cec68f03f32e44924783795810fa50a7035d8c8ebe78580ad7e6c703fba38"

[[package]]
name = "cache-padded"
version = "1.1.1"
source = "registry+https://github.com/rust-lang/crates.io-index"
checksum = "631ae5198c9be5e753e5cc215e1bd73c2b466a3565173db433f52bb9d3e66dba"

[[package]]
name = "cc"
version = "1.0.58"
source = "registry+https://github.com/rust-lang/crates.io-index"
checksum = "f9a06fb2e53271d7c279ec1efea6ab691c35a2ae67ec0d91d7acec0caf13b518"

[[package]]
name = "cfg-if"
version = "0.1.10"
source = "registry+https://github.com/rust-lang/crates.io-index"
checksum = "4785bdd1c96b2a846b2bd7cc02e86b6b3dbf14e7e53446c4f54c92a361040822"

[[package]]
name = "chrono"
version = "0.4.13"
source = "registry+https://github.com/rust-lang/crates.io-index"
checksum = "c74d84029116787153e02106bf53e66828452a4b325cc8652b788b5967c0a0b6"
dependencies = [
 "num-integer",
 "num-traits",
 "time",
]

[[package]]
name = "concurrent-queue"
version = "1.1.2"
source = "registry+https://github.com/rust-lang/crates.io-index"
checksum = "1582139bb74d97ef232c30bc236646017db06f13ee7cc01fa24c9e55640f86d4"
dependencies = [
 "cache-padded",
]

[[package]]
name = "crossbeam-utils"
version = "0.7.2"
source = "registry+https://github.com/rust-lang/crates.io-index"
checksum = "c3c7c73a2d1e9fc0886a08b93e98eb643461230d5f1925e4036204d5f2e261a8"
dependencies = [
 "autocfg",
 "cfg-if",
 "lazy_static",
]

[[package]]
name = "ctor"
version = "0.1.15"
source = "registry+https://github.com/rust-lang/crates.io-index"
checksum = "39858aa5bac06462d4dd4b9164848eb81ffc4aa5c479746393598fd193afa227"
dependencies = [
 "quote",
 "syn",
]

[[package]]
name = "env_logger"
version = "0.7.1"
source = "registry+https://github.com/rust-lang/crates.io-index"
checksum = "44533bbbb3bb3c1fa17d9f2e4e38bbbaf8396ba82193c4cb1b6445d711445d36"
dependencies = [
 "atty",
 "humantime",
 "log",
 "regex",
 "termcolor",
]

[[package]]
name = "event-listener"
version = "2.2.1"
source = "registry+https://github.com/rust-lang/crates.io-index"
checksum = "829694371bd7bbc6aee17c4ff624aad8bf9f4dc06c6f9f6071eaa08c89530d10"

[[package]]
name = "fastrand"
version = "1.3.3"
source = "registry+https://github.com/rust-lang/crates.io-index"
checksum = "36a9cb09840f81cd211e435d00a4e487edd263dc3c8ff815c32dd76ad668ebed"

[[package]]
name = "flv-future-aio"
version = "2.3.1"
source = "registry+https://github.com/rust-lang/crates.io-index"
checksum = "cbc207355ca93701b155ee15818b2e0ad3914fd37cd65512e9476bcd406eda59"
dependencies = [
 "async-std",
 "async-trait",
 "bytes",
 "flv-util",
 "futures",
 "futures-timer 2.0.2",
 "log",
 "memmap",
 "nix",
 "pin-project",
 "pin-utils",
 "tokio",
]

[[package]]
name = "flv-util"
version = "0.2.1"
source = "registry+https://github.com/rust-lang/crates.io-index"
checksum = "2d86d88e0fd6a90e453fb257f9f65819b6b1179fc888fadff6bb1aba1eb84707"
dependencies = [
 "chrono",
 "env_logger",
 "log",
]

[[package]]
name = "fnv"
version = "1.0.7"
source = "registry+https://github.com/rust-lang/crates.io-index"
checksum = "3f9eec918d3f24069decb9af1554cad7c880e2da24a9afd88aca000531ab82c1"

[[package]]
name = "futures"
version = "0.3.5"
source = "registry+https://github.com/rust-lang/crates.io-index"
checksum = "1e05b85ec287aac0dc34db7d4a569323df697f9c55b99b15d6b4ef8cde49f613"
dependencies = [
 "futures-channel",
 "futures-core",
 "futures-executor",
 "futures-io",
 "futures-sink",
 "futures-task",
 "futures-util",
]

[[package]]
name = "futures-channel"
version = "0.3.5"
source = "registry+https://github.com/rust-lang/crates.io-index"
checksum = "f366ad74c28cca6ba456d95e6422883cfb4b252a83bed929c83abfdbbf2967d5"
dependencies = [
 "futures-core",
 "futures-sink",
]

[[package]]
name = "futures-core"
version = "0.3.5"
source = "registry+https://github.com/rust-lang/crates.io-index"
checksum = "59f5fff90fd5d971f936ad674802482ba441b6f09ba5e15fd8b39145582ca399"

[[package]]
name = "futures-executor"
version = "0.3.5"
source = "registry+https://github.com/rust-lang/crates.io-index"
checksum = "10d6bb888be1153d3abeb9006b11b02cf5e9b209fda28693c31ae1e4e012e314"
dependencies = [
 "futures-core",
 "futures-task",
 "futures-util",
]

[[package]]
name = "futures-io"
version = "0.3.5"
source = "registry+https://github.com/rust-lang/crates.io-index"
checksum = "de27142b013a8e869c14957e6d2edeef89e97c289e69d042ee3a49acd8b51789"

[[package]]
name = "futures-lite"
version = "0.1.10"
source = "registry+https://github.com/rust-lang/crates.io-index"
checksum = "bbe71459749b2e8e66fb95df721b22fa08661ad384a0c5b519e11d3893b4692a"
dependencies = [
 "fastrand",
 "futures-core",
 "futures-io",
 "memchr",
 "parking",
 "pin-project-lite",
 "waker-fn",
]

[[package]]
name = "futures-macro"
version = "0.3.5"
source = "registry+https://github.com/rust-lang/crates.io-index"
checksum = "d0b5a30a4328ab5473878237c447333c093297bded83a4983d10f4deea240d39"
dependencies = [
 "proc-macro-hack",
 "proc-macro2",
 "quote",
 "syn",
]

[[package]]
name = "futures-sink"
version = "0.3.5"
source = "registry+https://github.com/rust-lang/crates.io-index"
checksum = "3f2032893cb734c7a05d85ce0cc8b8c4075278e93b24b66f9de99d6eb0fa8acc"

[[package]]
name = "futures-task"
version = "0.3.5"
source = "registry+https://github.com/rust-lang/crates.io-index"
checksum = "bdb66b5f09e22019b1ab0830f7785bcea8e7a42148683f99214f73f8ec21a626"
dependencies = [
 "once_cell",
]

[[package]]
name = "futures-timer"
version = "2.0.2"
source = "registry+https://github.com/rust-lang/crates.io-index"
checksum = "a1de7508b218029b0f01662ed8f61b1c964b3ae99d6f25462d0f55a595109df6"

[[package]]
name = "futures-timer"
version = "3.0.2"
source = "registry+https://github.com/rust-lang/crates.io-index"
checksum = "e64b03909df88034c26dc1547e8970b91f98bdb65165d6a4e9110d94263dbb2c"
dependencies = [
 "gloo-timers",
 "send_wrapper",
]

[[package]]
name = "futures-util"
version = "0.3.5"
source = "registry+https://github.com/rust-lang/crates.io-index"
checksum = "8764574ff08b701a084482c3c7031349104b07ac897393010494beaa18ce32c6"
dependencies = [
 "futures-channel",
 "futures-core",
 "futures-io",
 "futures-macro",
 "futures-sink",
 "futures-task",
 "memchr",
 "pin-project",
 "pin-utils",
 "proc-macro-hack",
 "proc-macro-nested",
 "slab",
]

[[package]]
name = "ghost"
version = "0.1.2"
source = "registry+https://github.com/rust-lang/crates.io-index"
checksum = "1a5bcf1bbeab73aa4cf2fde60a846858dc036163c7c33bec309f8d17de785479"
dependencies = [
 "proc-macro2",
 "quote",
 "syn",
]

[[package]]
name = "gloo-timers"
version = "0.2.1"
source = "registry+https://github.com/rust-lang/crates.io-index"
checksum = "47204a46aaff920a1ea58b11d03dec6f704287d27561724a4631e450654a891f"
dependencies = [
 "futures-channel",
 "futures-core",
 "js-sys",
 "wasm-bindgen",
 "web-sys",
]

[[package]]
name = "hermit-abi"
version = "0.1.15"
source = "registry+https://github.com/rust-lang/crates.io-index"
checksum = "3deed196b6e7f9e44a2ae8d94225d80302d81208b1bb673fd21fe634645c85a9"
dependencies = [
 "libc",
]

[[package]]
name = "humantime"
version = "1.3.0"
source = "registry+https://github.com/rust-lang/crates.io-index"
checksum = "df004cfca50ef23c36850aaaa59ad52cc70d0e90243c3c7737a4dd32dc7a3c4f"
dependencies = [
 "quick-error",
]

[[package]]
name = "inventory"
version = "0.1.7"
source = "registry+https://github.com/rust-lang/crates.io-index"
checksum = "621b50c176968fd3b0bd71f821a28a0ea98db2b5aea966b2fbb8bd1b7d310328"
dependencies = [
 "ctor",
 "ghost",
 "inventory-impl",
]

[[package]]
name = "inventory-impl"
version = "0.1.7"
source = "registry+https://github.com/rust-lang/crates.io-index"
checksum = "f99a4111304bade76468d05beab3487c226e4fe4c4de1c4e8f006e815762db73"
dependencies = [
 "proc-macro2",
 "quote",
 "syn",
]

[[package]]
name = "js-sys"
version = "0.3.44"
source = "registry+https://github.com/rust-lang/crates.io-index"
checksum = "85a7e2c92a4804dd459b86c339278d0fe87cf93757fae222c3fa3ae75458bc73"
dependencies = [
 "wasm-bindgen",
]

[[package]]
name = "kv-log-macro"
version = "1.0.7"
source = "registry+https://github.com/rust-lang/crates.io-index"
checksum = "0de8b303297635ad57c9f5059fd9cee7a47f8e8daa09df0fcd07dd39fb22977f"
dependencies = [
 "log",
]

[[package]]
name = "lazy_static"
version = "1.4.0"
source = "registry+https://github.com/rust-lang/crates.io-index"
checksum = "e2abad23fbc42b3700f2f279844dc832adb2b2eb069b2df918f455c4e18cc646"

[[package]]
name = "libc"
version = "0.2.74"
source = "registry+https://github.com/rust-lang/crates.io-index"
checksum = "a2f02823cf78b754822df5f7f268fb59822e7296276d3e069d8e8cb26a14bd10"

[[package]]
name = "log"
version = "0.4.11"
source = "registry+https://github.com/rust-lang/crates.io-index"
checksum = "4fabed175da42fed1fa0746b0ea71f412aa9d35e76e95e59b192c64b9dc2bf8b"
dependencies = [
 "cfg-if",
]

[[package]]
name = "memchr"
version = "2.3.3"
source = "registry+https://github.com/rust-lang/crates.io-index"
checksum = "3728d817d99e5ac407411fa471ff9800a778d88a24685968b36824eaf4bee400"

[[package]]
name = "memmap"
version = "0.7.0"
source = "registry+https://github.com/rust-lang/crates.io-index"
checksum = "6585fd95e7bb50d6cc31e20d4cf9afb4e2ba16c5846fc76793f11218da9c475b"
dependencies = [
 "libc",
 "winapi",
]

[[package]]
name = "nix"
version = "0.17.0"
source = "registry+https://github.com/rust-lang/crates.io-index"
checksum = "50e4785f2c3b7589a0d0c1dd60285e1188adac4006e8abd6dd578e1567027363"
dependencies = [
 "bitflags",
 "cc",
 "cfg-if",
 "libc",
 "void",
]

[[package]]
name = "nj-core"
version = "2.2.0"
dependencies = [
 "async-trait",
 "ctor",
 "flv-future-aio",
 "flv-util",
 "futures",
 "inventory",
 "libc",
 "log",
 "nj-sys",
 "pin-utils",
]

[[package]]
name = "nj-sys"
version = "2.0.0"

[[package]]
name = "num-integer"
version = "0.1.43"
source = "registry+https://github.com/rust-lang/crates.io-index"
checksum = "8d59457e662d541ba17869cf51cf177c0b5f0cbf476c66bdc90bf1edac4f875b"
dependencies = [
 "autocfg",
 "num-traits",
]

[[package]]
name = "num-traits"
version = "0.2.12"
source = "registry+https://github.com/rust-lang/crates.io-index"
checksum = "ac267bcc07f48ee5f8935ab0d24f316fb722d7a1292e2913f0cc196b29ffd611"
dependencies = [
 "autocfg",
]

[[package]]
name = "num_cpus"
version = "1.13.0"
source = "registry+https://github.com/rust-lang/crates.io-index"
checksum = "05499f3756671c15885fee9034446956fff3f243d6077b91e5767df161f766b3"
dependencies = [
 "hermit-abi",
 "libc",
]

[[package]]
name = "once_cell"
version = "1.4.0"
source = "registry+https://github.com/rust-lang/crates.io-index"
checksum = "0b631f7e854af39a1739f401cf34a8a013dfe09eac4fa4dba91e9768bd28168d"

[[package]]
name = "parking"
version = "1.0.6"
source = "registry+https://github.com/rust-lang/crates.io-index"
checksum = "6cb300f271742d4a2a66c01b6b2fa0c83dfebd2e0bf11addb879a3547b4ed87c"

[[package]]
name = "pin-project"
version = "0.4.23"
source = "registry+https://github.com/rust-lang/crates.io-index"
checksum = "ca4433fff2ae79342e497d9f8ee990d174071408f28f726d6d83af93e58e48aa"
dependencies = [
 "pin-project-internal",
]

[[package]]
name = "pin-project-internal"
version = "0.4.23"
source = "registry+https://github.com/rust-lang/crates.io-index"
checksum = "2c0e815c3ee9a031fdf5af21c10aa17c573c9c6a566328d99e3936c34e36461f"
dependencies = [
 "proc-macro2",
 "quote",
 "syn",
]

[[package]]
name = "pin-project-lite"
version = "0.1.7"
source = "registry+https://github.com/rust-lang/crates.io-index"
checksum = "282adbf10f2698a7a77f8e983a74b2d18176c19a7fd32a45446139ae7b02b715"

[[package]]
name = "pin-utils"
version = "0.1.0"
source = "registry+https://github.com/rust-lang/crates.io-index"
checksum = "8b870d8c151b6f2fb93e84a13146138f05d02ed11c7e7c54f8826aaaf7c9f184"

[[package]]
name = "proc-macro-hack"
version = "0.5.18"
source = "registry+https://github.com/rust-lang/crates.io-index"
checksum = "99c605b9a0adc77b7211c6b1f722dcb613d68d66859a44f3d485a6da332b0598"

[[package]]
name = "proc-macro-nested"
version = "0.1.6"
source = "registry+https://github.com/rust-lang/crates.io-index"
checksum = "eba180dafb9038b050a4c280019bbedf9f2467b61e5d892dcad585bb57aadc5a"

[[package]]
name = "proc-macro2"
version = "1.0.19"
source = "registry+https://github.com/rust-lang/crates.io-index"
checksum = "04f5f085b5d71e2188cb8271e5da0161ad52c3f227a661a3c135fdf28e258b12"
dependencies = [
 "unicode-xid",
]

[[package]]
name = "quick-error"
version = "1.2.3"
source = "registry+https://github.com/rust-lang/crates.io-index"
checksum = "a1d01941d82fa2ab50be1e79e6714289dd7cde78eba4c074bc5a4374f650dfe0"

[[package]]
name = "quote"
version = "1.0.7"
source = "registry+https://github.com/rust-lang/crates.io-index"
checksum = "aa563d17ecb180e500da1cfd2b028310ac758de548efdd203e18f283af693f37"
dependencies = [
 "proc-macro2",
]

[[package]]
name = "redox_syscall"
version = "0.1.57"
source = "registry+https://github.com/rust-lang/crates.io-index"
checksum = "41cc0f7e4d5d4544e8861606a285bb08d3e70712ccc7d2b84d7c0ccfaf4b05ce"

[[package]]
name = "regex"
version = "1.3.9"
source = "registry+https://github.com/rust-lang/crates.io-index"
checksum = "9c3780fcf44b193bc4d09f36d2a3c87b251da4a046c87795a0d35f4f927ad8e6"
dependencies = [
 "aho-corasick",
 "memchr",
 "regex-syntax",
 "thread_local",
]

[[package]]
name = "regex-syntax"
version = "0.6.18"
source = "registry+https://github.com/rust-lang/crates.io-index"
checksum = "26412eb97c6b088a6997e05f69403a802a92d520de2f8e63c2b65f9e0f47c4e8"

[[package]]
name = "scoped-tls"
version = "1.0.0"
source = "registry+https://github.com/rust-lang/crates.io-index"
checksum = "ea6a9290e3c9cf0f18145ef7ffa62d68ee0bf5fcd651017e586dc7fd5da448c2"

[[package]]
name = "send_wrapper"
version = "0.4.0"
source = "registry+https://github.com/rust-lang/crates.io-index"
checksum = "f638d531eccd6e23b980caf34876660d38e265409d8e99b397ab71eb3612fad0"

[[package]]
name = "slab"
version = "0.4.2"
source = "registry+https://github.com/rust-lang/crates.io-index"
checksum = "c111b5bd5695e56cffe5129854aa230b39c93a305372fdbb2668ca2394eea9f8"

[[package]]
name = "smol"
version = "0.1.18"
source = "registry+https://github.com/rust-lang/crates.io-index"
checksum = "620cbb3c6e34da57d3a248cda0cd01cd5848164dc062e764e65d06fe3ea7aed5"
dependencies = [
 "async-task",
 "blocking",
 "concurrent-queue",
 "fastrand",
 "futures-io",
 "futures-util",
 "libc",
 "once_cell",
 "scoped-tls",
 "slab",
 "socket2",
 "wepoll-sys-stjepang",
 "winapi",
]

[[package]]
name = "socket2"
version = "0.3.12"
source = "registry+https://github.com/rust-lang/crates.io-index"
checksum = "03088793f677dce356f3ccc2edb1b314ad191ab702a5de3faf49304f7e104918"
dependencies = [
 "cfg-if",
 "libc",
 "redox_syscall",
 "winapi",
]

[[package]]
name = "syn"
version = "1.0.36"
source = "registry+https://github.com/rust-lang/crates.io-index"
checksum = "4cdb98bcb1f9d81d07b536179c269ea15999b5d14ea958196413869445bb5250"
dependencies = [
 "proc-macro2",
 "quote",
 "unicode-xid",
]

[[package]]
name = "termcolor"
version = "1.1.0"
source = "registry+https://github.com/rust-lang/crates.io-index"
checksum = "bb6bfa289a4d7c5766392812c0a1f4c1ba45afa1ad47803c11e1f407d846d75f"
dependencies = [
 "winapi-util",
]

[[package]]
name = "thread_local"
version = "1.0.1"
source = "registry+https://github.com/rust-lang/crates.io-index"
checksum = "d40c6d1b69745a6ec6fb1ca717914848da4b44ae29d9b3080cbee91d72a69b14"
dependencies = [
 "lazy_static",
]

[[package]]
name = "time"
version = "0.1.43"
source = "registry+https://github.com/rust-lang/crates.io-index"
checksum = "ca8a50ef2360fbd1eeb0ecd46795a87a19024eb4b53c5dc916ca1fd95fe62438"
dependencies = [
 "libc",
 "winapi",
]

[[package]]
name = "tokio"
version = "0.2.22"
source = "registry+https://github.com/rust-lang/crates.io-index"
checksum = "5d34ca54d84bf2b5b4d7d31e901a8464f7b60ac145a284fba25ceb801f2ddccd"
dependencies = [
 "bytes",
 "fnv",
 "pin-project-lite",
]

[[package]]
name = "unicode-xid"
version = "0.2.1"
source = "registry+https://github.com/rust-lang/crates.io-index"
checksum = "f7fe0bb3479651439c9112f72b6c505038574c9fbb575ed1bf3b797fa39dd564"

[[package]]
name = "void"
version = "1.0.2"
source = "registry+https://github.com/rust-lang/crates.io-index"
checksum = "6a02e4885ed3bc0f2de90ea6dd45ebcbb66dacffe03547fadbb0eeae2770887d"

[[package]]
name = "waker-fn"
version = "1.0.0"
source = "registry+https://github.com/rust-lang/crates.io-index"
checksum = "9571542c2ce85ce642e6b58b3364da2fb53526360dfb7c211add4f5c23105ff7"

[[package]]
name = "wasm-bindgen"
version = "0.2.67"
source = "registry+https://github.com/rust-lang/crates.io-index"
checksum = "f0563a9a4b071746dd5aedbc3a28c6fe9be4586fb3fbadb67c400d4f53c6b16c"
dependencies = [
 "cfg-if",
 "wasm-bindgen-macro",
]

[[package]]
name = "wasm-bindgen-backend"
version = "0.2.67"
source = "registry+https://github.com/rust-lang/crates.io-index"
checksum = "bc71e4c5efa60fb9e74160e89b93353bc24059999c0ae0fb03affc39770310b0"
dependencies = [
 "bumpalo",
 "lazy_static",
 "log",
 "proc-macro2",
 "quote",
 "syn",
 "wasm-bindgen-shared",
]

[[package]]
name = "wasm-bindgen-futures"
version = "0.4.17"
source = "registry+https://github.com/rust-lang/crates.io-index"
checksum = "95f8d235a77f880bcef268d379810ea6c0af2eacfa90b1ad5af731776e0c4699"
dependencies = [
 "cfg-if",
 "js-sys",
 "wasm-bindgen",
 "web-sys",
]

[[package]]
name = "wasm-bindgen-macro"
version = "0.2.67"
source = "registry+https://github.com/rust-lang/crates.io-index"
checksum = "97c57cefa5fa80e2ba15641578b44d36e7a64279bc5ed43c6dbaf329457a2ed2"
dependencies = [
 "quote",
 "wasm-bindgen-macro-support",
]

[[package]]
name = "wasm-bindgen-macro-support"
version = "0.2.67"
source = "registry+https://github.com/rust-lang/crates.io-index"
checksum = "841a6d1c35c6f596ccea1f82504a192a60378f64b3bb0261904ad8f2f5657556"
dependencies = [
 "proc-macro2",
 "quote",
 "syn",
 "wasm-bindgen-backend",
 "wasm-bindgen-shared",
]

[[package]]
name = "wasm-bindgen-shared"
version = "0.2.67"
source = "registry+https://github.com/rust-lang/crates.io-index"
checksum = "93b162580e34310e5931c4b792560108b10fd14d64915d7fff8ff00180e70092"

[[package]]
name = "web-sys"
version = "0.3.44"
source = "registry+https://github.com/rust-lang/crates.io-index"
checksum = "dda38f4e5ca63eda02c059d243aa25b5f35ab98451e518c51612cd0f1bd19a47"
dependencies = [
 "js-sys",
 "wasm-bindgen",
]

[[package]]
name = "wepoll-sys-stjepang"
version = "1.0.6"
source = "registry+https://github.com/rust-lang/crates.io-index"
checksum = "6fd319e971980166b53e17b1026812ad66c6b54063be879eb182342b55284694"
dependencies = [
 "cc",
]

[[package]]
name = "winapi"
version = "0.3.9"
source = "registry+https://github.com/rust-lang/crates.io-index"
checksum = "5c839a674fcd7a98952e593242ea400abe93992746761e38641405d28b00f419"
dependencies = [
 "winapi-i686-pc-windows-gnu",
 "winapi-x86_64-pc-windows-gnu",
]

[[package]]
name = "winapi-i686-pc-windows-gnu"
version = "0.4.0"
source = "registry+https://github.com/rust-lang/crates.io-index"
checksum = "ac3b87c63620426dd9b991e5ce0329eff545bccbbb34f3be09ff6fb6ab51b7b6"

[[package]]
name = "winapi-util"
version = "0.1.5"
source = "registry+https://github.com/rust-lang/crates.io-index"
checksum = "70ec6ce85bb158151cae5e5c87f95a8e97d2c0c4b001223f33a334e3ce5de178"
dependencies = [
 "winapi",
]

[[package]]
name = "winapi-x86_64-pc-windows-gnu"
version = "0.4.0"
source = "registry+https://github.com/rust-lang/crates.io-index"
checksum = "712e227841d057c1ee1cd2fb22fa7e5a5461ae8e48fa2ca79ec42cfc1931183f"
