# This file is automatically @generated by Cargo.
# It is not intended for manual editing.
[[package]]
name = "Inflector"
version = "0.11.4"
source = "registry+https://github.com/rust-lang/crates.io-index"
checksum = "fe438c63458706e03479442743baae6c88256498e6431708f6dfc520a26515d3"
dependencies = [
 "lazy_static",
 "regex",
]

[[package]]
name = "aho-corasick"
version = "0.7.10"
source = "registry+https://github.com/rust-lang/crates.io-index"
checksum = "8716408b8bc624ed7f65d223ddb9ac2d044c0547b6fa4b0d554f3a9540496ada"
dependencies = [
 "memchr",
]

[[package]]
name = "async-std"
version = "1.6.1"
source = "registry+https://github.com/rust-lang/crates.io-index"
checksum = "b93c583a035d21e6d6f09adf48abfc55277bf48886406df370e5db6babe3ab98"
dependencies = [
 "async-task",
 "crossbeam-utils",
 "futures-channel",
 "futures-core",
 "futures-io",
 "futures-timer 3.0.2",
 "kv-log-macro",
 "log",
 "memchr",
 "num_cpus",
 "once_cell",
 "pin-project-lite",
 "pin-utils",
 "slab",
 "smol",
 "wasm-bindgen-futures",
]

[[package]]
name = "async-task"
version = "3.0.0"
source = "registry+https://github.com/rust-lang/crates.io-index"
checksum = "c17772156ef2829aadc587461c7753af20b7e8db1529bc66855add962a3b35d3"

[[package]]
name = "async-trait"
version = "0.1.35"
source = "registry+https://github.com/rust-lang/crates.io-index"
checksum = "89cb5d814ab2a47fd66d3266e9efccb53ca4c740b7451043b8ffcf9a6208f3f8"
dependencies = [
 "proc-macro2",
 "quote",
 "syn",
]

[[package]]
name = "atty"
version = "0.2.14"
source = "registry+https://github.com/rust-lang/crates.io-index"
checksum = "d9b39be18770d11421cdb1b9947a45dd3f37e93092cbf377614828a319d5fee8"
dependencies = [
 "hermit-abi",
 "libc",
 "winapi",
]

[[package]]
name = "autocfg"
version = "1.0.0"
source = "registry+https://github.com/rust-lang/crates.io-index"
checksum = "f8aac770f1885fd7e387acedd76065302551364496e46b3dd00860b2f8359b9d"

[[package]]
name = "bitflags"
version = "1.2.1"
source = "registry+https://github.com/rust-lang/crates.io-index"
checksum = "cf1de2fe8c75bc145a2f577add951f8134889b4795d47466a54a5c846d691693"

[[package]]
name = "bumpalo"
version = "3.4.0"
source = "registry+https://github.com/rust-lang/crates.io-index"
checksum = "2e8c087f005730276d1096a652e92a8bacee2e2472bcc9715a74d2bec38b5820"

[[package]]
name = "bytes"
version = "0.5.4"
source = "registry+https://github.com/rust-lang/crates.io-index"
checksum = "130aac562c0dd69c56b3b1cc8ffd2e17be31d0b6c25b61c96b76231aa23e39e1"

[[package]]
name = "cc"
version = "1.0.54"
source = "registry+https://github.com/rust-lang/crates.io-index"
checksum = "7bbb73db36c1246e9034e307d0fba23f9a2e251faa47ade70c1bd252220c8311"

[[package]]
name = "cfg-if"
version = "0.1.10"
source = "registry+https://github.com/rust-lang/crates.io-index"
checksum = "4785bdd1c96b2a846b2bd7cc02e86b6b3dbf14e7e53446c4f54c92a361040822"

[[package]]
name = "chrono"
version = "0.4.11"
source = "registry+https://github.com/rust-lang/crates.io-index"
checksum = "80094f509cf8b5ae86a4966a39b3ff66cd7e2a3e594accec3743ff3fabeab5b2"
dependencies = [
 "num-integer",
 "num-traits",
 "time",
]

[[package]]
name = "crossbeam-deque"
version = "0.7.3"
source = "registry+https://github.com/rust-lang/crates.io-index"
checksum = "9f02af974daeee82218205558e51ec8768b48cf524bd01d550abe5573a608285"
dependencies = [
 "crossbeam-epoch",
 "crossbeam-utils",
 "maybe-uninit",
]

[[package]]
name = "crossbeam-epoch"
version = "0.8.2"
source = "registry+https://github.com/rust-lang/crates.io-index"
checksum = "058ed274caafc1f60c4997b5fc07bf7dc7cca454af7c6e81edffe5f33f70dace"
dependencies = [
 "autocfg",
 "cfg-if",
 "crossbeam-utils",
 "lazy_static",
 "maybe-uninit",
 "memoffset",
 "scopeguard",
]

[[package]]
name = "crossbeam-queue"
version = "0.2.3"
source = "registry+https://github.com/rust-lang/crates.io-index"
checksum = "774ba60a54c213d409d5353bda12d49cd68d14e45036a285234c8d6f91f92570"
dependencies = [
 "cfg-if",
 "crossbeam-utils",
 "maybe-uninit",
]

[[package]]
name = "crossbeam-utils"
version = "0.7.2"
source = "registry+https://github.com/rust-lang/crates.io-index"
checksum = "c3c7c73a2d1e9fc0886a08b93e98eb643461230d5f1925e4036204d5f2e261a8"
dependencies = [
 "autocfg",
 "cfg-if",
 "lazy_static",
]

[[package]]
name = "ctor"
version = "0.1.15"
source = "registry+https://github.com/rust-lang/crates.io-index"
checksum = "39858aa5bac06462d4dd4b9164848eb81ffc4aa5c479746393598fd193afa227"
dependencies = [
 "quote",
 "syn",
]

[[package]]
name = "env_logger"
version = "0.7.1"
source = "registry+https://github.com/rust-lang/crates.io-index"
checksum = "44533bbbb3bb3c1fa17d9f2e4e38bbbaf8396ba82193c4cb1b6445d711445d36"
dependencies = [
 "atty",
 "humantime",
 "log",
 "regex",
 "termcolor",
]

[[package]]
name = "flv-future-aio"
version = "2.2.2"
source = "registry+https://github.com/rust-lang/crates.io-index"
checksum = "7255017399f7188f752b661ba972d48726ef3a4e066546d4d17df949bb763be0"
dependencies = [
 "async-std",
 "async-trait",
 "bytes",
 "flv-util",
 "futures",
 "futures-timer 2.0.2",
 "log",
 "memmap",
 "nix",
 "pin-project",
 "pin-utils",
 "tokio",
]

[[package]]
name = "flv-util"
version = "0.2.1"
source = "registry+https://github.com/rust-lang/crates.io-index"
checksum = "2d86d88e0fd6a90e453fb257f9f65819b6b1179fc888fadff6bb1aba1eb84707"
dependencies = [
 "chrono",
 "env_logger",
 "log",
]

[[package]]
name = "fnv"
version = "1.0.7"
source = "registry+https://github.com/rust-lang/crates.io-index"
checksum = "3f9eec918d3f24069decb9af1554cad7c880e2da24a9afd88aca000531ab82c1"

[[package]]
name = "futures"
version = "0.3.5"
source = "registry+https://github.com/rust-lang/crates.io-index"
checksum = "1e05b85ec287aac0dc34db7d4a569323df697f9c55b99b15d6b4ef8cde49f613"
dependencies = [
 "futures-channel",
 "futures-core",
 "futures-executor",
 "futures-io",
 "futures-sink",
 "futures-task",
 "futures-util",
]

[[package]]
name = "futures-channel"
version = "0.3.5"
source = "registry+https://github.com/rust-lang/crates.io-index"
checksum = "f366ad74c28cca6ba456d95e6422883cfb4b252a83bed929c83abfdbbf2967d5"
dependencies = [
 "futures-core",
 "futures-sink",
]

[[package]]
name = "futures-core"
version = "0.3.5"
source = "registry+https://github.com/rust-lang/crates.io-index"
checksum = "59f5fff90fd5d971f936ad674802482ba441b6f09ba5e15fd8b39145582ca399"

[[package]]
name = "futures-executor"
version = "0.3.5"
source = "registry+https://github.com/rust-lang/crates.io-index"
checksum = "10d6bb888be1153d3abeb9006b11b02cf5e9b209fda28693c31ae1e4e012e314"
dependencies = [
 "futures-core",
 "futures-task",
 "futures-util",
]

[[package]]
name = "futures-io"
version = "0.3.5"
source = "registry+https://github.com/rust-lang/crates.io-index"
checksum = "de27142b013a8e869c14957e6d2edeef89e97c289e69d042ee3a49acd8b51789"

[[package]]
name = "futures-macro"
version = "0.3.5"
source = "registry+https://github.com/rust-lang/crates.io-index"
checksum = "d0b5a30a4328ab5473878237c447333c093297bded83a4983d10f4deea240d39"
dependencies = [
 "proc-macro-hack",
 "proc-macro2",
 "quote",
 "syn",
]

[[package]]
name = "futures-sink"
version = "0.3.5"
source = "registry+https://github.com/rust-lang/crates.io-index"
checksum = "3f2032893cb734c7a05d85ce0cc8b8c4075278e93b24b66f9de99d6eb0fa8acc"

[[package]]
name = "futures-task"
version = "0.3.5"
source = "registry+https://github.com/rust-lang/crates.io-index"
checksum = "bdb66b5f09e22019b1ab0830f7785bcea8e7a42148683f99214f73f8ec21a626"
dependencies = [
 "once_cell",
]

[[package]]
name = "futures-timer"
version = "2.0.2"
source = "registry+https://github.com/rust-lang/crates.io-index"
checksum = "a1de7508b218029b0f01662ed8f61b1c964b3ae99d6f25462d0f55a595109df6"

[[package]]
name = "futures-timer"
version = "3.0.2"
source = "registry+https://github.com/rust-lang/crates.io-index"
checksum = "e64b03909df88034c26dc1547e8970b91f98bdb65165d6a4e9110d94263dbb2c"
dependencies = [
 "gloo-timers",
 "send_wrapper",
]

[[package]]
name = "futures-util"
version = "0.3.5"
source = "registry+https://github.com/rust-lang/crates.io-index"
checksum = "8764574ff08b701a084482c3c7031349104b07ac897393010494beaa18ce32c6"
dependencies = [
 "futures-channel",
 "futures-core",
 "futures-io",
 "futures-macro",
 "futures-sink",
 "futures-task",
 "memchr",
 "pin-project",
 "pin-utils",
 "proc-macro-hack",
 "proc-macro-nested",
 "slab",
]

[[package]]
name = "ghost"
version = "0.1.2"
source = "registry+https://github.com/rust-lang/crates.io-index"
checksum = "1a5bcf1bbeab73aa4cf2fde60a846858dc036163c7c33bec309f8d17de785479"
dependencies = [
 "proc-macro2",
 "quote",
 "syn",
]

[[package]]
name = "glob"
version = "0.3.0"
source = "registry+https://github.com/rust-lang/crates.io-index"
checksum = "9b919933a397b79c37e33b77bb2aa3dc8eb6e165ad809e58ff75bc7db2e34574"

[[package]]
name = "gloo-timers"
version = "0.2.1"
source = "registry+https://github.com/rust-lang/crates.io-index"
checksum = "47204a46aaff920a1ea58b11d03dec6f704287d27561724a4631e450654a891f"
dependencies = [
 "futures-channel",
 "futures-core",
 "js-sys",
 "wasm-bindgen",
 "web-sys",
]

[[package]]
name = "hermit-abi"
version = "0.1.14"
source = "registry+https://github.com/rust-lang/crates.io-index"
checksum = "b9586eedd4ce6b3c498bc3b4dd92fc9f11166aa908a914071953768066c67909"
dependencies = [
 "libc",
]

[[package]]
name = "humantime"
version = "1.3.0"
source = "registry+https://github.com/rust-lang/crates.io-index"
checksum = "df004cfca50ef23c36850aaaa59ad52cc70d0e90243c3c7737a4dd32dc7a3c4f"
dependencies = [
 "quick-error",
]

[[package]]
name = "inventory"
version = "0.1.7"
source = "registry+https://github.com/rust-lang/crates.io-index"
checksum = "621b50c176968fd3b0bd71f821a28a0ea98db2b5aea966b2fbb8bd1b7d310328"
dependencies = [
 "ctor",
 "ghost",
 "inventory-impl",
]

[[package]]
name = "inventory-impl"
version = "0.1.7"
source = "registry+https://github.com/rust-lang/crates.io-index"
checksum = "f99a4111304bade76468d05beab3487c226e4fe4c4de1c4e8f006e815762db73"
dependencies = [
 "proc-macro2",
 "quote",
 "syn",
]

[[package]]
name = "itoa"
version = "0.4.6"
source = "registry+https://github.com/rust-lang/crates.io-index"
checksum = "dc6f3ad7b9d11a0c00842ff8de1b60ee58661048eb8049ed33c73594f359d7e6"

[[package]]
name = "js-sys"
version = "0.3.40"
source = "registry+https://github.com/rust-lang/crates.io-index"
checksum = "ce10c23ad2ea25ceca0093bd3192229da4c5b3c0f2de499c1ecac0d98d452177"
dependencies = [
 "wasm-bindgen",
]

[[package]]
name = "kv-log-macro"
version = "1.0.6"
source = "registry+https://github.com/rust-lang/crates.io-index"
checksum = "4ff57d6d215f7ca7eb35a9a64d656ba4d9d2bef114d741dc08048e75e2f5d418"
dependencies = [
 "log",
]

[[package]]
name = "lazy_static"
version = "1.4.0"
source = "registry+https://github.com/rust-lang/crates.io-index"
checksum = "e2abad23fbc42b3700f2f279844dc832adb2b2eb069b2df918f455c4e18cc646"

[[package]]
name = "libc"
version = "0.2.71"
source = "registry+https://github.com/rust-lang/crates.io-index"
checksum = "9457b06509d27052635f90d6466700c65095fdf75409b3fbdd903e988b886f49"

[[package]]
name = "log"
version = "0.4.8"
source = "registry+https://github.com/rust-lang/crates.io-index"
checksum = "14b6052be84e6b71ab17edffc2eeabf5c2c3ae1fdb464aae35ac50c67a44e1f7"
dependencies = [
 "cfg-if",
]

[[package]]
name = "maybe-uninit"
version = "2.0.0"
source = "registry+https://github.com/rust-lang/crates.io-index"
checksum = "60302e4db3a61da70c0cb7991976248362f30319e88850c487b9b95bbf059e00"

[[package]]
name = "memchr"
version = "2.3.3"
source = "registry+https://github.com/rust-lang/crates.io-index"
checksum = "3728d817d99e5ac407411fa471ff9800a778d88a24685968b36824eaf4bee400"

[[package]]
name = "memmap"
version = "0.7.0"
source = "registry+https://github.com/rust-lang/crates.io-index"
checksum = "6585fd95e7bb50d6cc31e20d4cf9afb4e2ba16c5846fc76793f11218da9c475b"
dependencies = [
 "libc",
 "winapi",
]

[[package]]
name = "memoffset"
version = "0.5.4"
source = "registry+https://github.com/rust-lang/crates.io-index"
checksum = "b4fc2c02a7e374099d4ee95a193111f72d2110197fe200272371758f6c3643d8"
dependencies = [
 "autocfg",
]

[[package]]
name = "nix"
version = "0.17.0"
source = "registry+https://github.com/rust-lang/crates.io-index"
checksum = "50e4785f2c3b7589a0d0c1dd60285e1188adac4006e8abd6dd578e1567027363"
dependencies = [
 "bitflags",
 "cc",
 "cfg-if",
 "libc",
 "void",
]

[[package]]
name = "nj-core"
version = "2.1.0"
dependencies = [
 "async-trait",
 "ctor",
 "flv-future-aio",
 "flv-util",
 "futures",
 "inventory",
 "libc",
 "log",
 "nj-sys",
 "pin-utils",
]

[[package]]
name = "nj-derive"
version = "2.0.1"
dependencies = [
 "Inflector",
 "flv-future-aio",
 "node-bindgen",
 "proc-macro2",
 "quote",
 "syn",
 "trybuild",
]

[[package]]
name = "nj-sys"
version = "1.0.0"

[[package]]
name = "node-bindgen"
version = "2.1.1"
dependencies = [
 "nj-core",
 "nj-derive",
 "nj-sys",
]

[[package]]
name = "num-integer"
version = "0.1.43"
source = "registry+https://github.com/rust-lang/crates.io-index"
checksum = "8d59457e662d541ba17869cf51cf177c0b5f0cbf476c66bdc90bf1edac4f875b"
dependencies = [
 "autocfg",
 "num-traits",
]

[[package]]
name = "num-traits"
version = "0.2.12"
source = "registry+https://github.com/rust-lang/crates.io-index"
checksum = "ac267bcc07f48ee5f8935ab0d24f316fb722d7a1292e2913f0cc196b29ffd611"
dependencies = [
 "autocfg",
]

[[package]]
name = "num_cpus"
version = "1.13.0"
source = "registry+https://github.com/rust-lang/crates.io-index"
checksum = "05499f3756671c15885fee9034446956fff3f243d6077b91e5767df161f766b3"
dependencies = [
 "hermit-abi",
 "libc",
]

[[package]]
name = "once_cell"
version = "1.4.0"
source = "registry+https://github.com/rust-lang/crates.io-index"
checksum = "0b631f7e854af39a1739f401cf34a8a013dfe09eac4fa4dba91e9768bd28168d"

[[package]]
name = "pin-project"
version = "0.4.22"
source = "registry+https://github.com/rust-lang/crates.io-index"
checksum = "12e3a6cdbfe94a5e4572812a0201f8c0ed98c1c452c7b8563ce2276988ef9c17"
dependencies = [
 "pin-project-internal",
]

[[package]]
name = "pin-project-internal"
version = "0.4.22"
source = "registry+https://github.com/rust-lang/crates.io-index"
checksum = "6a0ffd45cf79d88737d7cc85bfd5d2894bee1139b356e616fe85dc389c61aaf7"
dependencies = [
 "proc-macro2",
 "quote",
 "syn",
]

[[package]]
name = "pin-project-lite"
version = "0.1.7"
source = "registry+https://github.com/rust-lang/crates.io-index"
checksum = "282adbf10f2698a7a77f8e983a74b2d18176c19a7fd32a45446139ae7b02b715"

[[package]]
name = "pin-utils"
version = "0.1.0"
source = "registry+https://github.com/rust-lang/crates.io-index"
checksum = "8b870d8c151b6f2fb93e84a13146138f05d02ed11c7e7c54f8826aaaf7c9f184"

[[package]]
name = "piper"
version = "0.1.3"
source = "registry+https://github.com/rust-lang/crates.io-index"
checksum = "01608bfa680dafb103f9207fa944facf572e4e3e708d10de19a0d0c3d36e5f18"
dependencies = [
 "crossbeam-utils",
 "futures-io",
 "futures-sink",
 "futures-util",
]

[[package]]
name = "proc-macro-hack"
version = "0.5.16"
source = "registry+https://github.com/rust-lang/crates.io-index"
checksum = "7e0456befd48169b9f13ef0f0ad46d492cf9d2dbb918bcf38e01eed4ce3ec5e4"

[[package]]
name = "proc-macro-nested"
version = "0.1.6"
source = "registry+https://github.com/rust-lang/crates.io-index"
checksum = "eba180dafb9038b050a4c280019bbedf9f2467b61e5d892dcad585bb57aadc5a"

[[package]]
name = "proc-macro2"
version = "1.0.18"
source = "registry+https://github.com/rust-lang/crates.io-index"
checksum = "beae6331a816b1f65d04c45b078fd8e6c93e8071771f41b8163255bbd8d7c8fa"
dependencies = [
 "unicode-xid",
]

[[package]]
name = "quick-error"
version = "1.2.3"
source = "registry+https://github.com/rust-lang/crates.io-index"
checksum = "a1d01941d82fa2ab50be1e79e6714289dd7cde78eba4c074bc5a4374f650dfe0"

[[package]]
name = "quote"
version = "1.0.7"
source = "registry+https://github.com/rust-lang/crates.io-index"
checksum = "aa563d17ecb180e500da1cfd2b028310ac758de548efdd203e18f283af693f37"
dependencies = [
 "proc-macro2",
]

[[package]]
name = "redox_syscall"
version = "0.1.56"
source = "registry+https://github.com/rust-lang/crates.io-index"
checksum = "2439c63f3f6139d1b57529d16bc3b8bb855230c8efcc5d3a896c8bea7c3b1e84"

[[package]]
name = "regex"
version = "1.3.9"
source = "registry+https://github.com/rust-lang/crates.io-index"
checksum = "9c3780fcf44b193bc4d09f36d2a3c87b251da4a046c87795a0d35f4f927ad8e6"
dependencies = [
 "aho-corasick",
 "memchr",
 "regex-syntax",
 "thread_local",
]

[[package]]
name = "regex-syntax"
version = "0.6.18"
source = "registry+https://github.com/rust-lang/crates.io-index"
checksum = "26412eb97c6b088a6997e05f69403a802a92d520de2f8e63c2b65f9e0f47c4e8"

[[package]]
name = "ryu"
version = "1.0.5"
source = "registry+https://github.com/rust-lang/crates.io-index"
checksum = "71d301d4193d031abdd79ff7e3dd721168a9572ef3fe51a1517aba235bd8f86e"

[[package]]
name = "scoped-tls-hkt"
version = "0.1.2"
source = "registry+https://github.com/rust-lang/crates.io-index"
checksum = "c2e9d7eaddb227e8fbaaa71136ae0e1e913ca159b86c7da82f3e8f0044ad3a63"

[[package]]
name = "scopeguard"
version = "1.1.0"
source = "registry+https://github.com/rust-lang/crates.io-index"
checksum = "d29ab0c6d3fc0ee92fe66e2d99f700eab17a8d57d1c1d3b748380fb20baa78cd"

[[package]]
name = "send_wrapper"
version = "0.4.0"
source = "registry+https://github.com/rust-lang/crates.io-index"
checksum = "f638d531eccd6e23b980caf34876660d38e265409d8e99b397ab71eb3612fad0"

[[package]]
name = "serde"
version = "1.0.112"
source = "registry+https://github.com/rust-lang/crates.io-index"
checksum = "736aac72d1eafe8e5962d1d1c3d99b0df526015ba40915cb3c49d042e92ec243"
dependencies = [
 "serde_derive",
]

[[package]]
name = "serde_derive"
version = "1.0.112"
source = "registry+https://github.com/rust-lang/crates.io-index"
checksum = "bf0343ce212ac0d3d6afd9391ac8e9c9efe06b533c8d33f660f6390cc4093f57"
dependencies = [
 "proc-macro2",
 "quote",
 "syn",
]

[[package]]
name = "serde_json"
version = "1.0.55"
source = "registry+https://github.com/rust-lang/crates.io-index"
checksum = "ec2c5d7e739bc07a3e73381a39d61fdb5f671c60c1df26a130690665803d8226"
dependencies = [
 "itoa",
 "ryu",
 "serde",
]

[[package]]
name = "slab"
version = "0.4.2"
source = "registry+https://github.com/rust-lang/crates.io-index"
checksum = "c111b5bd5695e56cffe5129854aa230b39c93a305372fdbb2668ca2394eea9f8"

[[package]]
name = "smol"
version = "0.1.12"
source = "registry+https://github.com/rust-lang/crates.io-index"
checksum = "afcf8beb4aa23cc616e3351e49585153b462637c8fec929163b54d88e522b3b0"
dependencies = [
 "async-task",
 "crossbeam-deque",
 "crossbeam-queue",
 "crossbeam-utils",
 "futures-io",
 "futures-util",
 "libc",
 "once_cell",
 "piper",
 "scoped-tls-hkt",
 "slab",
 "socket2",
 "wepoll-binding",
]

[[package]]
name = "socket2"
version = "0.3.12"
source = "registry+https://github.com/rust-lang/crates.io-index"
checksum = "03088793f677dce356f3ccc2edb1b314ad191ab702a5de3faf49304f7e104918"
dependencies = [
 "cfg-if",
 "libc",
 "redox_syscall",
 "winapi",
]

[[package]]
name = "syn"
version = "1.0.31"
source = "registry+https://github.com/rust-lang/crates.io-index"
checksum = "b5304cfdf27365b7585c25d4af91b35016ed21ef88f17ced89c7093b43dba8b6"
dependencies = [
 "proc-macro2",
 "quote",
 "unicode-xid",
]

[[package]]
name = "termcolor"
version = "1.1.0"
source = "registry+https://github.com/rust-lang/crates.io-index"
checksum = "bb6bfa289a4d7c5766392812c0a1f4c1ba45afa1ad47803c11e1f407d846d75f"
dependencies = [
 "winapi-util",
]

[[package]]
name = "thread_local"
version = "1.0.1"
source = "registry+https://github.com/rust-lang/crates.io-index"
checksum = "d40c6d1b69745a6ec6fb1ca717914848da4b44ae29d9b3080cbee91d72a69b14"
dependencies = [
 "lazy_static",
]

[[package]]
name = "time"
version = "0.1.43"
source = "registry+https://github.com/rust-lang/crates.io-index"
checksum = "ca8a50ef2360fbd1eeb0ecd46795a87a19024eb4b53c5dc916ca1fd95fe62438"
dependencies = [
 "libc",
 "winapi",
]

[[package]]
name = "tokio"
version = "0.2.21"
source = "registry+https://github.com/rust-lang/crates.io-index"
checksum = "d099fa27b9702bed751524694adbe393e18b36b204da91eb1cbbbbb4a5ee2d58"
dependencies = [
 "bytes",
 "fnv",
 "pin-project-lite",
]

[[package]]
name = "toml"
version = "0.5.6"
source = "registry+https://github.com/rust-lang/crates.io-index"
checksum = "ffc92d160b1eef40665be3a05630d003936a3bc7da7421277846c2613e92c71a"
dependencies = [
 "serde",
]

[[package]]
name = "trybuild"
version = "1.0.26"
source = "git+https://github.com/sehz/trybuild?branch=check_option#af10c619356e14a649d7ff36454365389b2ec868"
dependencies = [
 "glob",
 "lazy_static",
 "serde",
 "serde_json",
 "termcolor",
 "toml",
]

[[package]]
name = "unicode-xid"
version = "0.2.0"
source = "registry+https://github.com/rust-lang/crates.io-index"
checksum = "826e7639553986605ec5979c7dd957c7895e93eabed50ab2ffa7f6128a75097c"

[[package]]
name = "void"
version = "1.0.2"
source = "registry+https://github.com/rust-lang/crates.io-index"
checksum = "6a02e4885ed3bc0f2de90ea6dd45ebcbb66dacffe03547fadbb0eeae2770887d"

[[package]]
name = "wasm-bindgen"
version = "0.2.63"
source = "registry+https://github.com/rust-lang/crates.io-index"
checksum = "4c2dc4aa152834bc334f506c1a06b866416a8b6697d5c9f75b9a689c8486def0"
dependencies = [
 "cfg-if",
 "wasm-bindgen-macro",
]

[[package]]
name = "wasm-bindgen-backend"
version = "0.2.63"
source = "registry+https://github.com/rust-lang/crates.io-index"
checksum = "ded84f06e0ed21499f6184df0e0cb3494727b0c5da89534e0fcc55c51d812101"
dependencies = [
 "bumpalo",
 "lazy_static",
 "log",
 "proc-macro2",
 "quote",
 "syn",
 "wasm-bindgen-shared",
]

[[package]]
name = "wasm-bindgen-futures"
version = "0.4.13"
source = "registry+https://github.com/rust-lang/crates.io-index"
checksum = "64487204d863f109eb77e8462189d111f27cb5712cc9fdb3461297a76963a2f6"
dependencies = [
 "cfg-if",
 "js-sys",
 "wasm-bindgen",
 "web-sys",
]

[[package]]
name = "wasm-bindgen-macro"
version = "0.2.63"
source = "registry+https://github.com/rust-lang/crates.io-index"
checksum = "838e423688dac18d73e31edce74ddfac468e37b1506ad163ffaf0a46f703ffe3"
dependencies = [
 "quote",
 "wasm-bindgen-macro-support",
]

[[package]]
name = "wasm-bindgen-macro-support"
version = "0.2.63"
source = "registry+https://github.com/rust-lang/crates.io-index"
checksum = "3156052d8ec77142051a533cdd686cba889537b213f948cd1d20869926e68e92"
dependencies = [
 "proc-macro2",
 "quote",
 "syn",
 "wasm-bindgen-backend",
 "wasm-bindgen-shared",
]

[[package]]
name = "wasm-bindgen-shared"
version = "0.2.63"
source = "registry+https://github.com/rust-lang/crates.io-index"
checksum = "c9ba19973a58daf4db6f352eda73dc0e289493cd29fb2632eb172085b6521acd"

[[package]]
name = "web-sys"
version = "0.3.40"
source = "registry+https://github.com/rust-lang/crates.io-index"
checksum = "7b72fe77fd39e4bd3eaa4412fd299a0be6b3dfe9d2597e2f1c20beb968f41d17"
dependencies = [
 "js-sys",
 "wasm-bindgen",
]

[[package]]
name = "wepoll-binding"
version = "2.0.2"
source = "registry+https://github.com/rust-lang/crates.io-index"
checksum = "374fff4ff9701ff8b6ad0d14bacd3156c44063632d8c136186ff5967d48999a7"
dependencies = [
 "bitflags",
 "wepoll-sys",
]

[[package]]
name = "wepoll-sys"
version = "2.0.0"
source = "registry+https://github.com/rust-lang/crates.io-index"
checksum = "9082a777aed991f6769e2b654aa0cb29f1c3d615daf009829b07b66c7aff6a24"
dependencies = [
 "cc",
]

[[package]]
name = "winapi"
version = "0.3.8"
source = "registry+https://github.com/rust-lang/crates.io-index"
checksum = "8093091eeb260906a183e6ae1abdba2ef5ef2257a21801128899c3fc699229c6"
dependencies = [
 "winapi-i686-pc-windows-gnu",
 "winapi-x86_64-pc-windows-gnu",
]

[[package]]
name = "winapi-i686-pc-windows-gnu"
version = "0.4.0"
source = "registry+https://github.com/rust-lang/crates.io-index"
checksum = "ac3b87c63620426dd9b991e5ce0329eff545bccbbb34f3be09ff6fb6ab51b7b6"

[[package]]
name = "winapi-util"
version = "0.1.5"
source = "registry+https://github.com/rust-lang/crates.io-index"
checksum = "70ec6ce85bb158151cae5e5c87f95a8e97d2c0c4b001223f33a334e3ce5de178"
dependencies = [
 "winapi",
]

[[package]]
name = "winapi-x86_64-pc-windows-gnu"
version = "0.4.0"
source = "registry+https://github.com/rust-lang/crates.io-index"
checksum = "712e227841d057c1ee1cd2fb22fa7e5a5461ae8e48fa2ca79ec42cfc1931183f"
